
Microsoft Visual Studio Solution File, Format Version 12.00
# Visual Studio Version 16
VisualStudioVersion = 16.0.810.1
MinimumVisualStudioVersion = 10.0.40219.1
Project("{FAE04EC0-301F-11D3-BF4B-00C04F79EFBC}") = "ServiceA", "ServiceA\ServiceA.csproj", "{CBC64070-CA41-44FA-97BD-A7D5FE1AD91C}"
EndProject
Project("{FAE04EC0-301F-11D3-BF4B-00C04F79EFBC}") = "ServiceB", "ServiceB\ServiceB.csproj", "{7E6158A5-080B-415E-A02F-EEB0661FA773}"
EndProject
Global
	GlobalSection(SolutionConfigurationPlatforms) = preSolution
		Debug|Any CPU = Debug|Any CPU
		Release|Any CPU = Release|Any CPU
	EndGlobalSection
	GlobalSection(ProjectConfigurationPlatforms) = postSolution
		{CBC64070-CA41-44FA-97BD-A7D5FE1AD91C}.Debug|Any CPU.ActiveCfg = Debug|Any CPU
		{CBC64070-CA41-44FA-97BD-A7D5FE1AD91C}.Debug|Any CPU.Build.0 = Debug|Any CPU
		{CBC64070-CA41-44FA-97BD-A7D5FE1AD91C}.Release|Any CPU.ActiveCfg = Release|Any CPU
		{CBC64070-CA41-44FA-97BD-A7D5FE1AD91C}.Release|Any CPU.Build.0 = Release|Any CPU
		{7E6158A5-080B-415E-A02F-EEB0661FA773}.Debug|Any CPU.ActiveCfg = Debug|Any CPU
		{7E6158A5-080B-415E-A02F-EEB0661FA773}.Debug|Any CPU.Build.0 = Debug|Any CPU
		{7E6158A5-080B-415E-A02F-EEB0661FA773}.Release|Any CPU.ActiveCfg = Release|Any CPU
		{7E6158A5-080B-415E-A02F-EEB0661FA773}.Release|Any CPU.Build.0 = Release|Any CPU
	EndGlobalSection
	GlobalSection(SolutionProperties) = preSolution
		HideSolutionNode = FALSE
	EndGlobalSection
	GlobalSection(ExtensibilityGlobals) = postSolution
		SolutionGuid = {BC5FA961-7258-41F1-B9CC-8CF037C3C87D}
	EndGlobalSection
EndGlobal
